
Microsoft Visual Studio Solution File, Format Version 12.00
# Visual Studio Version 17
VisualStudioVersion = 17.5.002.0
MinimumVisualStudioVersion = 10.0.40219.1
Project("{9A19103F-16F7-4668-BE54-9A1E7A4F7556}") = "C#hw3", "C#hw3.csproj", "{D67F84FE-9739-4089-94D7-50902273EF76}"
EndProject
Global
	GlobalSection(SolutionConfigurationPlatforms) = preSolution
		Debug|Any CPU = Debug|Any CPU
		Release|Any CPU = Release|Any CPU
	EndGlobalSection
	GlobalSection(ProjectConfigurationPlatforms) = postSolution
		{D67F84FE-9739-4089-94D7-50902273EF76}.Debug|Any CPU.ActiveCfg = Debug|Any CPU
		{D67F84FE-9739-4089-94D7-50902273EF76}.Debug|Any CPU.Build.0 = Debug|Any CPU
		{D67F84FE-9739-4089-94D7-50902273EF76}.Release|Any CPU.ActiveCfg = Release|Any CPU
		{D67F84FE-9739-4089-94D7-50902273EF76}.Release|Any CPU.Build.0 = Release|Any CPU
	EndGlobalSection
	GlobalSection(SolutionProperties) = preSolution
		HideSolutionNode = FALSE
	EndGlobalSection
	GlobalSection(ExtensibilityGlobals) = postSolution
		SolutionGuid = {788E8E14-9592-4808-9FB1-D676AB6F16CB}
	EndGlobalSection
EndGlobal
